
Microsoft Visual Studio Solution File, Format Version 10.00
# Visual Studio 2008
Project("{FAE04EC0-301F-11D3-BF4B-00C04F79EFBC}") = "MFManagedEncode", "MFManagedEncode.csproj", "{83AECAAD-FF5A-4DE1-A859-EA008F36972F}"
EndProject
Global
	GlobalSection(SolutionConfigurationPlatforms) = preSolution
		Debug|Any CPU = Debug|Any CPU
		Release|Any CPU = Release|Any CPU
	EndGlobalSection
	GlobalSection(ProjectConfigurationPlatforms) = postSolution
		{83AECAAD-FF5A-4DE1-A859-EA008F36972F}.Debug|Any CPU.ActiveCfg = Debug|Any CPU
		{83AECAAD-FF5A-4DE1-A859-EA008F36972F}.Debug|Any CPU.Build.0 = Debug|Any CPU
		{83AECAAD-FF5A-4DE1-A859-EA008F36972F}.Release|Any CPU.ActiveCfg = Release|Any CPU
		{83AECAAD-FF5A-4DE1-A859-EA008F36972F}.Release|Any CPU.Build.0 = Release|Any CPU
	EndGlobalSection
	GlobalSection(SolutionProperties) = preSolution
		HideSolutionNode = FALSE
	EndGlobalSection
EndGlobal
